
Microsoft Visual Studio Solution File, Format Version 12.00
# Visual Studio Version 17
VisualStudioVersion = 17.3.32825.248
MinimumVisualStudioVersion = 10.0.40219.1
Project("{FAE04EC0-301F-11D3-BF4B-00C04F79EFBC}") = "LosMellizosAPI", "LosMellizosAPI\LosMellizosAPI.csproj", "{FC74E310-7306-4A3B-9A28-D2DF702DD955}"
EndProject
Global
	GlobalSection(SolutionConfigurationPlatforms) = preSolution
		Debug|Any CPU = Debug|Any CPU
		Release|Any CPU = Release|Any CPU
	EndGlobalSection
	GlobalSection(ProjectConfigurationPlatforms) = postSolution
		{FC74E310-7306-4A3B-9A28-D2DF702DD955}.Debug|Any CPU.ActiveCfg = Debug|Any CPU
		{FC74E310-7306-4A3B-9A28-D2DF702DD955}.Debug|Any CPU.Build.0 = Debug|Any CPU
		{FC74E310-7306-4A3B-9A28-D2DF702DD955}.Release|Any CPU.ActiveCfg = Release|Any CPU
		{FC74E310-7306-4A3B-9A28-D2DF702DD955}.Release|Any CPU.Build.0 = Release|Any CPU
	EndGlobalSection
	GlobalSection(SolutionProperties) = preSolution
		HideSolutionNode = FALSE
	EndGlobalSection
	GlobalSection(ExtensibilityGlobals) = postSolution
		SolutionGuid = {5AB52F16-D158-4647-A1E4-5F3088B99A36}
	EndGlobalSection
EndGlobal
